{
  "name": "uninteresting-node-application",
  "version": "1.0.0",
  "lockfileVersion": 1,
  "requires": true,
  "dependencies": {
    "nondescript-node-library": {
      "version": "1.0.0",
      "resolved": "http://localhost:4873/nondescript-node-library/-/nondescript-node-library-1.0.0.tgz",
      "integrity": "sha512-R3Maaa7OySW5J3Y46G8ztA1xVz/X57ZWVseHyaosr+E4dcpTVo/XXYTvqVyc07dCh46IFgXhEtf5iSdwTYjWtg=="
    }
  }
}
